# This file is autogenerated, do not edit; changes may be undone by the next 'dep ensure'.


[[projects]]
  branch = "master"
  digest = "1:c183111eaf02a9e6bb39c213bdfb5472b16f1955dd4c9dab82db83f114c64a63"
  name = "github.com/facebookgo/atomicfile"
  packages = ["."]
  pruneopts = "UT"
  revision = "2de1f203e7d5e386a6833233882782932729f27e"

[[projects]]
  branch = "master"
  digest = "1:b0b75ab0829ae3769f1f221486da0c40c8dc0680fb93d072b5df5a39d56c996c"
  name = "github.com/facebookgo/pidfile"
  packages = ["."]
  pruneopts = "UT"
  revision = "f242e2999868dcd267a2b86e49ce1f9cf9e15b16"

[solve-meta]
  analyzer-name = "dep"
  analyzer-version = 1
  input-imports = ["github.com/facebookgo/pidfile"]
  solver-name = "gps-cdcl"
  solver-version = 1
